
Microsoft Visual Studio Solution File, Format Version 12.00
# Visual Studio Version 17
VisualStudioVersion = 17.9.34714.143
MinimumVisualStudioVersion = 10.0.40219.1
Project("{FAE04EC0-301F-11D3-BF4B-00C04F79EFBC}") = "WpfAppColorsPreview", "WpfAppColorsPreview.csproj", "{56B30FA9-4F4E-494B-929D-319F5857DD26}"
EndProject
Global
	GlobalSection(SolutionConfigurationPlatforms) = preSolution
		Debug|Any CPU = Debug|Any CPU
		Release|Any CPU = Release|Any CPU
	EndGlobalSection
	GlobalSection(ProjectConfigurationPlatforms) = postSolution
		{56B30FA9-4F4E-494B-929D-319F5857DD26}.Debug|Any CPU.ActiveCfg = Debug|Any CPU
		{56B30FA9-4F4E-494B-929D-319F5857DD26}.Debug|Any CPU.Build.0 = Debug|Any CPU
		{56B30FA9-4F4E-494B-929D-319F5857DD26}.Release|Any CPU.ActiveCfg = Release|Any CPU
		{56B30FA9-4F4E-494B-929D-319F5857DD26}.Release|Any CPU.Build.0 = Release|Any CPU
	EndGlobalSection
	GlobalSection(SolutionProperties) = preSolution
		HideSolutionNode = FALSE
	EndGlobalSection
	GlobalSection(ExtensibilityGlobals) = postSolution
		SolutionGuid = {B710A3F0-2BE6-4930-99A1-FA559777425D}
	EndGlobalSection
EndGlobal
